
Microsoft Visual Studio Solution File, Format Version 12.00
# Visual Studio Version 16
VisualStudioVersion = 16.0.28803.156
MinimumVisualStudioVersion = 10.0.40219.1
Project("{FAE04EC0-301F-11D3-BF4B-00C04F79EFBC}") = "LoopStation5.1", "LoopStation5.1\LoopStation5.1.csproj", "{7FE3A49B-F0B7-4218-ADA4-73E8E2634820}"
EndProject
Global
	GlobalSection(SolutionConfigurationPlatforms) = preSolution
		Debug|Any CPU = Debug|Any CPU
		Release|Any CPU = Release|Any CPU
	EndGlobalSection
	GlobalSection(ProjectConfigurationPlatforms) = postSolution
		{7FE3A49B-F0B7-4218-ADA4-73E8E2634820}.Debug|Any CPU.ActiveCfg = Debug|Any CPU
		{7FE3A49B-F0B7-4218-ADA4-73E8E2634820}.Debug|Any CPU.Build.0 = Debug|Any CPU
		{7FE3A49B-F0B7-4218-ADA4-73E8E2634820}.Release|Any CPU.ActiveCfg = Release|Any CPU
		{7FE3A49B-F0B7-4218-ADA4-73E8E2634820}.Release|Any CPU.Build.0 = Release|Any CPU
	EndGlobalSection
	GlobalSection(SolutionProperties) = preSolution
		HideSolutionNode = FALSE
	EndGlobalSection
	GlobalSection(ExtensibilityGlobals) = postSolution
		SolutionGuid = {B869EADA-3FDD-40B9-AA32-3A9F44DBA24C}
	EndGlobalSection
EndGlobal
